{
  "originHash" : "9d6bf401c26abbe38d08c7e98a58dd9013187e31f9bd6e3cea7c38af397adbc5",
  "pins" : [
    {
      "identity" : "swift-shared-kit",
      "kind" : "remoteSourceControl",
      "location" : "https://github.com/nathanborror/swift-shared-kit",
      "state" : {
        "branch" : "main",
        "revision" : "3159eb54575d9f8b432bc236f7f46a8d6431d563"
      }
    }
  ],
  "version" : 3
}
